
Microsoft Visual Studio Solution File, Format Version 12.00
# Visual Studio Version 16
VisualStudioVersion = 16.0.31205.134
MinimumVisualStudioVersion = 10.0.40219.1
Project("{9A19103F-16F7-4668-BE54-9A1E7A4F7556}") = "MicroscopeGUI", "MicroscopeGUI\MicroscopeGUI.csproj", "{7CF34C76-4677-465C-99D6-6B811B6A7B98}"
EndProject
Global
	GlobalSection(SolutionConfigurationPlatforms) = preSolution
		Debug|Any CPU = Debug|Any CPU
		Release|Any CPU = Release|Any CPU
	EndGlobalSection
	GlobalSection(ProjectConfigurationPlatforms) = postSolution
		{7CF34C76-4677-465C-99D6-6B811B6A7B98}.Debug|Any CPU.ActiveCfg = Debug|Any CPU
		{7CF34C76-4677-465C-99D6-6B811B6A7B98}.Debug|Any CPU.Build.0 = Debug|Any CPU
		{7CF34C76-4677-465C-99D6-6B811B6A7B98}.Release|Any CPU.ActiveCfg = Release|Any CPU
		{7CF34C76-4677-465C-99D6-6B811B6A7B98}.Release|Any CPU.Build.0 = Release|Any CPU
	EndGlobalSection
	GlobalSection(SolutionProperties) = preSolution
		HideSolutionNode = FALSE
	EndGlobalSection
	GlobalSection(ExtensibilityGlobals) = postSolution
		SolutionGuid = {EC79BA9F-8C1D-473A-AE9B-2E9A7B279DDB}
	EndGlobalSection
EndGlobal
